
Microsoft Visual Studio Solution File, Format Version 12.00
# Visual Studio 15
Project("{FAE04EC0-301F-11D3-BF4B-00C04F79EFBC}") = "Assembly-CSharp", "Assembly-CSharp.csproj", "{2637383A-22F6-DA2A-796F-A1972FB32756}"
EndProject
Global
	GlobalSection(SolutionConfigurationPlatforms) = preSolution
		Debug|Any CPU = Debug|Any CPU
		Release|Any CPU = Release|Any CPU
	EndGlobalSection
	GlobalSection(ProjectConfigurationPlatforms) = postSolution
		{2637383A-22F6-DA2A-796F-A1972FB32756}.Debug|Any CPU.ActiveCfg = Debug|Any CPU
		{2637383A-22F6-DA2A-796F-A1972FB32756}.Debug|Any CPU.Build.0 = Debug|Any CPU
		{2637383A-22F6-DA2A-796F-A1972FB32756}.Release|Any CPU.ActiveCfg = Release|Any CPU
		{2637383A-22F6-DA2A-796F-A1972FB32756}.Release|Any CPU.Build.0 = Release|Any CPU
	EndGlobalSection
	GlobalSection(SolutionProperties) = preSolution
		HideSolutionNode = FALSE
	EndGlobalSection
EndGlobal
